// !$*UTF8*$!
{
	archiveVersion = 1;
	classes = {
	};
	objectVersion = 50;
	objects = {

/* Begin PBXBuildFile section */
		4D176D35256A91CE00495876 /* CardModifier.swift in Sources */ = {isa = PBXBuildFile; fileRef = 4D176D34256A91CE00495876 /* CardModifier.swift */; };
		4D270DEA25654EC300D78D19 /* SettingView.swift in Sources */ = {isa = PBXBuildFile; fileRef = 4D270DE925654EC300D78D19 /* SettingView.swift */; };
		4D29F90E2570AB8300747289 /* String-extension.swift in Sources */ = {isa = PBXBuildFile; fileRef = 4D29F90D2570AB8300747289 /* String-extension.swift */; };
		4D29F9112570AE3200747289 /* MapView.swift in Sources */ = {isa = PBXBuildFile; fileRef = 4D29F9102570AE3200747289 /* MapView.swift */; };
		4D29F9142570B1BE00747289 /* MapKit-extension.swift in Sources */ = {isa = PBXBuildFile; fileRef = 4D29F9132570B1BE00747289 /* MapKit-extension.swift */; };
		4D3551FC2564035800A6EF2B /* Light-Neumorphism.swift in Sources */ = {isa = PBXBuildFile; fileRef = 4D3551FB2564035800A6EF2B /* Light-Neumorphism.swift */; };
		4D35520025640B1700A6EF2B /* BackgroundView.swift in Sources */ = {isa = PBXBuildFile; fileRef = 4D3551FF25640B1700A6EF2B /* BackgroundView.swift */; };
		4D7C6C9A2566A70C0041524F /* PangImageInputView.swift in Sources */ = {isa = PBXBuildFile; fileRef = 4D7C6C992566A70C0041524F /* PangImageInputView.swift */; };
		4D7C6C9D2566B0E10041524F /* InputTypePickerView.swift in Sources */ = {isa = PBXBuildFile; fileRef = 4D7C6C9C2566B0E10041524F /* InputTypePickerView.swift */; };
		4D82C2F42569DA840048E94A /* CardContentView.swift in Sources */ = {isa = PBXBuildFile; fileRef = 4D82C2F32569DA840048E94A /* CardContentView.swift */; };
		4D82C2F9256A10880048E94A /* CardStyle.swift in Sources */ = {isa = PBXBuildFile; fileRef = 4D82C2F8256A10880048E94A /* CardStyle.swift */; };
		4D93EA262562A09600323612 /* pangApp.swift in Sources */ = {isa = PBXBuildFile; fileRef = 4D93EA252562A09600323612 /* pangApp.swift */; };
		4D93EA282562A09600323612 /* ContentView.swift in Sources */ = {isa = PBXBuildFile; fileRef = 4D93EA272562A09600323612 /* ContentView.swift */; };
		4D93EA2A2562A09700323612 /* Assets.xcassets in Resources */ = {isa = PBXBuildFile; fileRef = 4D93EA292562A09700323612 /* Assets.xcassets */; };
		4D93EA2D2562A09700323612 /* Preview Assets.xcassets in Resources */ = {isa = PBXBuildFile; fileRef = 4D93EA2C2562A09700323612 /* Preview Assets.xcassets */; };
		4D93EA372562A11D00323612 /* HomeView.swift in Sources */ = {isa = PBXBuildFile; fileRef = 4D93EA362562A11D00323612 /* HomeView.swift */; };
		4D93EA3C2562A1CB00323612 /* Pang.swift in Sources */ = {isa = PBXBuildFile; fileRef = 4D93EA3B2562A1CB00323612 /* Pang.swift */; };
		4D93EA442562AC1E00323612 /* PangButtonView.swift in Sources */ = {isa = PBXBuildFile; fileRef = 4D93EA432562AC1E00323612 /* PangButtonView.swift */; };
		4D93EA492562AE3400323612 /* PangInputView.swift in Sources */ = {isa = PBXBuildFile; fileRef = 4D93EA482562AE3400323612 /* PangInputView.swift */; };
		4D93EA4E2562B28200323612 /* UIApplication-extension.swift in Sources */ = {isa = PBXBuildFile; fileRef = 4D93EA4D2562B28200323612 /* UIApplication-extension.swift */; };
		4D93EA522562B35500323612 /* README.md in Resources */ = {isa = PBXBuildFile; fileRef = 4D93EA512562B35500323612 /* README.md */; };
		4D93EA572562B72400323612 /* CardView.swift in Sources */ = {isa = PBXBuildFile; fileRef = 4D93EA562562B72400323612 /* CardView.swift */; };
		4D9A6D302563F832008DE863 /* Neumorphism.swift in Sources */ = {isa = PBXBuildFile; fileRef = 4D9A6D2F2563F832008DE863 /* Neumorphism.swift */; };
		4D9A6D342563FCC2008DE863 /* Dark-Neumorphism.swift in Sources */ = {isa = PBXBuildFile; fileRef = 4D9A6D332563FCC2008DE863 /* Dark-Neumorphism.swift */; };
		4DA05AB4256F7090004E8859 /* Pangs.swift in Sources */ = {isa = PBXBuildFile; fileRef = 4DA05AB3256F7090004E8859 /* Pangs.swift */; };
		4DA05AB8256F780F004E8859 /* Publishers-extension.swift in Sources */ = {isa = PBXBuildFile; fileRef = 4DA05AB7256F780F004E8859 /* Publishers-extension.swift */; };
		4DA05ABB256F7937004E8859 /* Notification-extension.swift in Sources */ = {isa = PBXBuildFile; fileRef = 4DA05ABA256F7937004E8859 /* Notification-extension.swift */; };
		4DA308D72574C3BF0068E629 /* MapButtonView.swift in Sources */ = {isa = PBXBuildFile; fileRef = 4DA308D62574C3BF0068E629 /* MapButtonView.swift */; };
		4DA308DE2574C7C90068E629 /* PangZoneView.swift in Sources */ = {isa = PBXBuildFile; fileRef = 4DA308DD2574C7C90068E629 /* PangZoneView.swift */; };
		4DAB163D257525DD00B83E13 /* Location.swift in Sources */ = {isa = PBXBuildFile; fileRef = 4DAB163C257525DD00B83E13 /* Location.swift */; };
		4DB00E15256E2585007B3DC4 /* FullSizeImageView.swift in Sources */ = {isa = PBXBuildFile; fileRef = 4DB00E14256E2585007B3DC4 /* FullSizeImageView.swift */; };
		4DB1A260256B881B00EC94A8 /* AddButtonView.swift in Sources */ = {isa = PBXBuildFile; fileRef = 4DB1A25F256B881B00EC94A8 /* AddButtonView.swift */; };
		4DB1A263256B8DC000EC94A8 /* CancelButtonView.swift in Sources */ = {isa = PBXBuildFile; fileRef = 4DB1A262256B8DC000EC94A8 /* CancelButtonView.swift */; };
		4DB1A266256B8FE300EC94A8 /* ImageButtonView.swift in Sources */ = {isa = PBXBuildFile; fileRef = 4DB1A265256B8FE300EC94A8 /* ImageButtonView.swift */; };
		4DC167FE2564D00500D792DB /* TitleView.swift in Sources */ = {isa = PBXBuildFile; fileRef = 4DC167FD2564D00500D792DB /* TitleView.swift */; };
		4DC168012564D25400D792DB /* LogoView.swift in Sources */ = {isa = PBXBuildFile; fileRef = 4DC168002564D25400D792DB /* LogoView.swift */; };
		4DC168042564D29900D792DB /* BrandNameView.swift in Sources */ = {isa = PBXBuildFile; fileRef = 4DC168032564D29900D792DB /* BrandNameView.swift */; };
		4DC168072564DC9300D792DB /* SystemImageButtonView.swift in Sources */ = {isa = PBXBuildFile; fileRef = 4DC168062564DC9300D792DB /* SystemImageButtonView.swift */; };
		4DC1680B2564DF9900D792DB /* PangListView.swift in Sources */ = {isa = PBXBuildFile; fileRef = 4DC1680A2564DF9900D792DB /* PangListView.swift */; };
		4DC168112564E73A00D792DB /* ImagePicker.swift in Sources */ = {isa = PBXBuildFile; fileRef = 4DC168102564E73A00D792DB /* ImagePicker.swift */; };
		4DC168142564E7E700D792DB /* ImageSaver.swift in Sources */ = {isa = PBXBuildFile; fileRef = 4DC168132564E7E700D792DB /* ImageSaver.swift */; };
		4DCC736025661D0C0091878A /* PangTextFieldView.swift in Sources */ = {isa = PBXBuildFile; fileRef = 4DCC735F25661D0C0091878A /* PangTextFieldView.swift */; };
		4DCC7363256623490091878A /* View-extension.swift in Sources */ = {isa = PBXBuildFile; fileRef = 4DCC7362256623490091878A /* View-extension.swift */; };
		4DE694FC256386E600FBCE31 /* Color-extension.swift in Sources */ = {isa = PBXBuildFile; fileRef = 4DE694FB256386E600FBCE31 /* Color-extension.swift */; };
		4DE6950025638F2A00FBCE31 /* Gradient-extension.swift in Sources */ = {isa = PBXBuildFile; fileRef = 4DE694FF25638F2A00FBCE31 /* Gradient-extension.swift */; };
		4DE695072563932500FBCE31 /* AuthorImageView.swift in Sources */ = {isa = PBXBuildFile; fileRef = 4DE695062563932500FBCE31 /* AuthorImageView.swift */; };
		65B340D190BC4F5DB6A5A30E /* amplifyconfiguration.json in Resources */ = {isa = PBXBuildFile; fileRef = 0E72391C71A2441998DB276E /* amplifyconfiguration.json */; };
		9013A1B4EB624D9CA498AADA /* awsconfiguration.json in Resources */ = {isa = PBXBuildFile; fileRef = EA98648EF52A41C39931D130 /* awsconfiguration.json */; };
/* End PBXBuildFile section */

/* Begin PBXFileReference section */
		4D176D34256A91CE00495876 /* CardModifier.swift */ = {isa = PBXFileReference; lastKnownFileType = sourcecode.swift; path = CardModifier.swift; sourceTree = "<group>"; };
		4D270DE925654EC300D78D19 /* SettingView.swift */ = {isa = PBXFileReference; lastKnownFileType = sourcecode.swift; path = SettingView.swift; sourceTree = "<group>"; };
		4D29F90D2570AB8300747289 /* String-extension.swift */ = {isa = PBXFileReference; lastKnownFileType = sourcecode.swift; path = "String-extension.swift"; sourceTree = "<group>"; };
		4D29F9102570AE3200747289 /* MapView.swift */ = {isa = PBXFileReference; lastKnownFileType = sourcecode.swift; path = MapView.swift; sourceTree = "<group>"; };
		4D29F9132570B1BE00747289 /* MapKit-extension.swift */ = {isa = PBXFileReference; lastKnownFileType = sourcecode.swift; path = "MapKit-extension.swift"; sourceTree = "<group>"; };
		4D3551FB2564035800A6EF2B /* Light-Neumorphism.swift */ = {isa = PBXFileReference; lastKnownFileType = sourcecode.swift; path = "Light-Neumorphism.swift"; sourceTree = "<group>"; };
		4D3551FF25640B1700A6EF2B /* BackgroundView.swift */ = {isa = PBXFileReference; lastKnownFileType = sourcecode.swift; path = BackgroundView.swift; sourceTree = "<group>"; };
		4D7C6C992566A70C0041524F /* PangImageInputView.swift */ = {isa = PBXFileReference; lastKnownFileType = sourcecode.swift; path = PangImageInputView.swift; sourceTree = "<group>"; };
		4D7C6C9C2566B0E10041524F /* InputTypePickerView.swift */ = {isa = PBXFileReference; lastKnownFileType = sourcecode.swift; path = InputTypePickerView.swift; sourceTree = "<group>"; };
		4D82C2F32569DA840048E94A /* CardContentView.swift */ = {isa = PBXFileReference; lastKnownFileType = sourcecode.swift; path = CardContentView.swift; sourceTree = "<group>"; };
		4D82C2F8256A10880048E94A /* CardStyle.swift */ = {isa = PBXFileReference; lastKnownFileType = sourcecode.swift; path = CardStyle.swift; sourceTree = "<group>"; };
		4D93EA222562A09600323612 /* pang.app */ = {isa = PBXFileReference; explicitFileType = wrapper.application; includeInIndex = 0; path = pang.app; sourceTree = BUILT_PRODUCTS_DIR; };
		4D93EA252562A09600323612 /* pangApp.swift */ = {isa = PBXFileReference; lastKnownFileType = sourcecode.swift; path = pangApp.swift; sourceTree = "<group>"; };
		4D93EA272562A09600323612 /* ContentView.swift */ = {isa = PBXFileReference; lastKnownFileType = sourcecode.swift; path = ContentView.swift; sourceTree = "<group>"; };
		4D93EA292562A09700323612 /* Assets.xcassets */ = {isa = PBXFileReference; lastKnownFileType = folder.assetcatalog; path = Assets.xcassets; sourceTree = "<group>"; };
		4D93EA2C2562A09700323612 /* Preview Assets.xcassets */ = {isa = PBXFileReference; lastKnownFileType = folder.assetcatalog; path = "Preview Assets.xcassets"; sourceTree = "<group>"; };
		4D93EA2E2562A09700323612 /* Info.plist */ = {isa = PBXFileReference; lastKnownFileType = text.plist.xml; path = Info.plist; sourceTree = "<group>"; };
		4D93EA362562A11D00323612 /* HomeView.swift */ = {isa = PBXFileReference; lastKnownFileType = sourcecode.swift; path = HomeView.swift; sourceTree = "<group>"; };
		4D93EA3B2562A1CB00323612 /* Pang.swift */ = {isa = PBXFileReference; lastKnownFileType = sourcecode.swift; path = Pang.swift; sourceTree = "<group>"; };
		4D93EA432562AC1E00323612 /* PangButtonView.swift */ = {isa = PBXFileReference; lastKnownFileType = sourcecode.swift; path = PangButtonView.swift; sourceTree = "<group>"; };
		4D93EA482562AE3400323612 /* PangInputView.swift */ = {isa = PBXFileReference; lastKnownFileType = sourcecode.swift; path = PangInputView.swift; sourceTree = "<group>"; };
		4D93EA4D2562B28200323612 /* UIApplication-extension.swift */ = {isa = PBXFileReference; lastKnownFileType = sourcecode.swift; path = "UIApplication-extension.swift"; sourceTree = "<group>"; };
		4D93EA512562B35500323612 /* README.md */ = {isa = PBXFileReference; lastKnownFileType = net.daringfireball.markdown; path = README.md; sourceTree = "<group>"; };
		4D93EA562562B72400323612 /* CardView.swift */ = {isa = PBXFileReference; lastKnownFileType = sourcecode.swift; path = CardView.swift; sourceTree = "<group>"; };
		4D9A6D2F2563F832008DE863 /* Neumorphism.swift */ = {isa = PBXFileReference; lastKnownFileType = sourcecode.swift; path = Neumorphism.swift; sourceTree = "<group>"; };
		4D9A6D332563FCC2008DE863 /* Dark-Neumorphism.swift */ = {isa = PBXFileReference; lastKnownFileType = sourcecode.swift; path = "Dark-Neumorphism.swift"; sourceTree = "<group>"; };
		4DA05AB3256F7090004E8859 /* Pangs.swift */ = {isa = PBXFileReference; lastKnownFileType = sourcecode.swift; path = Pangs.swift; sourceTree = "<group>"; };
		4DA05AB7256F780F004E8859 /* Publishers-extension.swift */ = {isa = PBXFileReference; lastKnownFileType = sourcecode.swift; path = "Publishers-extension.swift"; sourceTree = "<group>"; };
		4DA05ABA256F7937004E8859 /* Notification-extension.swift */ = {isa = PBXFileReference; lastKnownFileType = sourcecode.swift; path = "Notification-extension.swift"; sourceTree = "<group>"; };
		4DA308D62574C3BF0068E629 /* MapButtonView.swift */ = {isa = PBXFileReference; lastKnownFileType = sourcecode.swift; path = MapButtonView.swift; sourceTree = "<group>"; };
		4DA308DD2574C7C90068E629 /* PangZoneView.swift */ = {isa = PBXFileReference; lastKnownFileType = sourcecode.swift; path = PangZoneView.swift; sourceTree = "<group>"; };
		4DAB163C257525DD00B83E13 /* Location.swift */ = {isa = PBXFileReference; lastKnownFileType = sourcecode.swift; path = Location.swift; sourceTree = "<group>"; };
		4DB00E14256E2585007B3DC4 /* FullSizeImageView.swift */ = {isa = PBXFileReference; lastKnownFileType = sourcecode.swift; path = FullSizeImageView.swift; sourceTree = "<group>"; };
		4DB1A25F256B881B00EC94A8 /* AddButtonView.swift */ = {isa = PBXFileReference; lastKnownFileType = sourcecode.swift; path = AddButtonView.swift; sourceTree = "<group>"; };
		4DB1A262256B8DC000EC94A8 /* CancelButtonView.swift */ = {isa = PBXFileReference; lastKnownFileType = sourcecode.swift; path = CancelButtonView.swift; sourceTree = "<group>"; };
		4DB1A265256B8FE300EC94A8 /* ImageButtonView.swift */ = {isa = PBXFileReference; lastKnownFileType = sourcecode.swift; path = ImageButtonView.swift; sourceTree = "<group>"; };
		4DC167FD2564D00500D792DB /* TitleView.swift */ = {isa = PBXFileReference; lastKnownFileType = sourcecode.swift; path = TitleView.swift; sourceTree = "<group>"; };
		4DC168002564D25400D792DB /* LogoView.swift */ = {isa = PBXFileReference; lastKnownFileType = sourcecode.swift; path = LogoView.swift; sourceTree = "<group>"; };
		4DC168032564D29900D792DB /* BrandNameView.swift */ = {isa = PBXFileReference; lastKnownFileType = sourcecode.swift; path = BrandNameView.swift; sourceTree = "<group>"; };
		4DC168062564DC9300D792DB /* SystemImageButtonView.swift */ = {isa = PBXFileReference; lastKnownFileType = sourcecode.swift; path = SystemImageButtonView.swift; sourceTree = "<group>"; };
		4DC1680A2564DF9900D792DB /* PangListView.swift */ = {isa = PBXFileReference; lastKnownFileType = sourcecode.swift; path = PangListView.swift; sourceTree = "<group>"; };
		4DC168102564E73A00D792DB /* ImagePicker.swift */ = {isa = PBXFileReference; lastKnownFileType = sourcecode.swift; path = ImagePicker.swift; sourceTree = "<group>"; };
		4DC168132564E7E700D792DB /* ImageSaver.swift */ = {isa = PBXFileReference; lastKnownFileType = sourcecode.swift; path = ImageSaver.swift; sourceTree = "<group>"; };
		4DCC735F25661D0C0091878A /* PangTextFieldView.swift */ = {isa = PBXFileReference; lastKnownFileType = sourcecode.swift; path = PangTextFieldView.swift; sourceTree = "<group>"; };
		4DCC7362256623490091878A /* View-extension.swift */ = {isa = PBXFileReference; lastKnownFileType = sourcecode.swift; path = "View-extension.swift"; sourceTree = "<group>"; };
		4DE694FB256386E600FBCE31 /* Color-extension.swift */ = {isa = PBXFileReference; lastKnownFileType = sourcecode.swift; path = "Color-extension.swift"; sourceTree = "<group>"; };
		4DE694FF25638F2A00FBCE31 /* Gradient-extension.swift */ = {isa = PBXFileReference; lastKnownFileType = sourcecode.swift; path = "Gradient-extension.swift"; sourceTree = "<group>"; };
		4DE695062563932500FBCE31 /* AuthorImageView.swift */ = {isa = PBXFileReference; lastKnownFileType = sourcecode.swift; path = AuthorImageView.swift; sourceTree = "<group>"; };
		7F86A54FD9D34C5EA41565DC /* amplifytools.xcconfig */ = {isa = PBXFileReference; name = "amplifytools.xcconfig"; path = "amplifytools.xcconfig"; sourceTree = "<group>"; fileEncoding = 4; lastKnownFileType = text.xcconfig; explicitFileType = undefined; includeInIndex = 0; };
		0E72391C71A2441998DB276E /* amplifyconfiguration.json */ = {isa = PBXFileReference; name = "amplifyconfiguration.json"; path = "amplifyconfiguration.json"; sourceTree = "<group>"; fileEncoding = undefined; lastKnownFileType = unknown; explicitFileType = undefined; includeInIndex = 0; };
		EA98648EF52A41C39931D130 /* awsconfiguration.json */ = {isa = PBXFileReference; name = "awsconfiguration.json"; path = "awsconfiguration.json"; sourceTree = "<group>"; fileEncoding = undefined; lastKnownFileType = unknown; explicitFileType = undefined; includeInIndex = 0; };
/* End PBXFileReference section */

/* Begin PBXFrameworksBuildPhase section */
		4D93EA1F2562A09600323612 /* Frameworks */ = {
			isa = PBXFrameworksBuildPhase;
			buildActionMask = 2147483647;
			files = (
			);
			runOnlyForDeploymentPostprocessing = 0;
		};
/* End PBXFrameworksBuildPhase section */

/* Begin PBXGroup section */
		4D270DE825654EAB00D78D19 /* Main */ = {
			isa = PBXGroup;
			children = (
				4D93EA362562A11D00323612 /* HomeView.swift */,
				4D270DE925654EC300D78D19 /* SettingView.swift */,
			);
			path = Main;
			sourceTree = "<group>";
		};
		4D3551FE25640B0600A6EF2B /* Base */ = {
			isa = PBXGroup;
			children = (
				4D3551FF25640B1700A6EF2B /* BackgroundView.swift */,
				4DC167FD2564D00500D792DB /* TitleView.swift */,
				4DC168002564D25400D792DB /* LogoView.swift */,
				4DC168032564D29900D792DB /* BrandNameView.swift */,
				4DC168062564DC9300D792DB /* SystemImageButtonView.swift */,
				4DB00E14256E2585007B3DC4 /* FullSizeImageView.swift */,
				4D29F9102570AE3200747289 /* MapView.swift */,
			);
			path = Base;
			sourceTree = "<group>";
		};
		4D82C2F6256A10560048E94A /* Neumorphism */ = {
			isa = PBXGroup;
			children = (
				4D9A6D2F2563F832008DE863 /* Neumorphism.swift */,
				4D9A6D332563FCC2008DE863 /* Dark-Neumorphism.swift */,
				4D3551FB2564035800A6EF2B /* Light-Neumorphism.swift */,
			);
			path = Neumorphism;
			sourceTree = "<group>";
		};
		4D82C2F7256A10610048E94A /* Card */ = {
			isa = PBXGroup;
			children = (
				4D176D34256A91CE00495876 /* CardModifier.swift */,
				4D82C2F8256A10880048E94A /* CardStyle.swift */,
			);
			path = Card;
			sourceTree = "<group>";
		};
		4D93EA192562A09600323612 = {
			isa = PBXGroup;
			children = (
				90E633985F14444D869A2167 /* AmplifyConfig */,
				4D93EA242562A09600323612 /* pang */,
				4D93EA232562A09600323612 /* Products */,
			);
			sourceTree = "<group>";
		};
		4D93EA232562A09600323612 /* Products */ = {
			isa = PBXGroup;
			children = (
				4D93EA222562A09600323612 /* pang.app */,
			);
			name = Products;
			sourceTree = "<group>";
		};
		4D93EA242562A09600323612 /* pang */ = {
			isa = PBXGroup;
			children = (
				4D93EA2E2562A09700323612 /* Info.plist */,
				4D93EA252562A09600323612 /* pangApp.swift */,
				4D93EA292562A09700323612 /* Assets.xcassets */,
				4D93EA272562A09600323612 /* ContentView.swift */,
				4D93EA3A2562A1C100323612 /* Model */,
				4D93EA352562A10900323612 /* View */,
				4DC1680F2564E70F00D792DB /* Controller */,
				4D9A6D2E2563F812008DE863 /* Style */,
				4D93EA4C2562B26E00323612 /* Extensions */,
				4D93EA2B2562A09700323612 /* Preview Content */,
				4D93EA512562B35500323612 /* README.md */,
			);
			path = pang;
			sourceTree = "<group>";
		};
		4D93EA2B2562A09700323612 /* Preview Content */ = {
			isa = PBXGroup;
			children = (
				4D93EA2C2562A09700323612 /* Preview Assets.xcassets */,
			);
			path = "Preview Content";
			sourceTree = "<group>";
		};
		4D93EA352562A10900323612 /* View */ = {
			isa = PBXGroup;
			children = (
				4D270DE825654EAB00D78D19 /* Main */,
				4D3551FE25640B0600A6EF2B /* Base */,
				4DC168092564DF7E00D792DB /* List */,
				4D93EA552562B71000323612 /* Card */,
				4D93EA472562AE2300323612 /* Input */,
				4DA308DC2574C7B00068E629 /* Zone */,
				4D93EA422562AC0300323612 /* Button */,
			);
			path = View;
			sourceTree = "<group>";
		};
		4D93EA3A2562A1C100323612 /* Model */ = {
			isa = PBXGroup;
			children = (
				4D93EA3B2562A1CB00323612 /* Pang.swift */,
				4DA05AB3256F7090004E8859 /* Pangs.swift */,
				4DAB163C257525DD00B83E13 /* Location.swift */,
			);
			path = Model;
			sourceTree = "<group>";
		};
		4D93EA422562AC0300323612 /* Button */ = {
			isa = PBXGroup;
			children = (
				4D93EA432562AC1E00323612 /* PangButtonView.swift */,
				4D7C6C9C2566B0E10041524F /* InputTypePickerView.swift */,
				4DB1A25F256B881B00EC94A8 /* AddButtonView.swift */,
				4DB1A262256B8DC000EC94A8 /* CancelButtonView.swift */,
				4DB1A265256B8FE300EC94A8 /* ImageButtonView.swift */,
				4DA308D62574C3BF0068E629 /* MapButtonView.swift */,
			);
			path = Button;
			sourceTree = "<group>";
		};
		4D93EA472562AE2300323612 /* Input */ = {
			isa = PBXGroup;
			children = (
				4D93EA482562AE3400323612 /* PangInputView.swift */,
				4DCC735F25661D0C0091878A /* PangTextFieldView.swift */,
				4D7C6C992566A70C0041524F /* PangImageInputView.swift */,
			);
			path = Input;
			sourceTree = "<group>";
		};
		4D93EA4C2562B26E00323612 /* Extensions */ = {
			isa = PBXGroup;
			children = (
				4D93EA4D2562B28200323612 /* UIApplication-extension.swift */,
				4DE694FB256386E600FBCE31 /* Color-extension.swift */,
				4DE694FF25638F2A00FBCE31 /* Gradient-extension.swift */,
				4DCC7362256623490091878A /* View-extension.swift */,
				4DA05AB7256F780F004E8859 /* Publishers-extension.swift */,
				4DA05ABA256F7937004E8859 /* Notification-extension.swift */,
				4D29F90D2570AB8300747289 /* String-extension.swift */,
				4D29F9132570B1BE00747289 /* MapKit-extension.swift */,
			);
			path = Extensions;
			sourceTree = "<group>";
		};
		4D93EA552562B71000323612 /* Card */ = {
			isa = PBXGroup;
			children = (
				4D93EA562562B72400323612 /* CardView.swift */,
				4DE695062563932500FBCE31 /* AuthorImageView.swift */,
				4D82C2F32569DA840048E94A /* CardContentView.swift */,
			);
			path = Card;
			sourceTree = "<group>";
		};
		4D9A6D2E2563F812008DE863 /* Style */ = {
			isa = PBXGroup;
			children = (
				4D82C2F7256A10610048E94A /* Card */,
				4D82C2F6256A10560048E94A /* Neumorphism */,
			);
			path = Style;
			sourceTree = "<group>";
		};
		4DA308DC2574C7B00068E629 /* Zone */ = {
			isa = PBXGroup;
			children = (
				4DA308DD2574C7C90068E629 /* PangZoneView.swift */,
			);
			path = Zone;
			sourceTree = "<group>";
		};
		4DC168092564DF7E00D792DB /* List */ = {
			isa = PBXGroup;
			children = (
				4DC1680A2564DF9900D792DB /* PangListView.swift */,
			);
			path = List;
			sourceTree = "<group>";
		};
		4DC1680E2564E6F600D792DB /* Image */ = {
			isa = PBXGroup;
			children = (
				4DC168102564E73A00D792DB /* ImagePicker.swift */,
				4DC168132564E7E700D792DB /* ImageSaver.swift */,
			);
			path = Image;
			sourceTree = "<group>";
		};
		4DC1680F2564E70F00D792DB /* Controller */ = {
			isa = PBXGroup;
			children = (
				4DC1680E2564E6F600D792DB /* Image */,
			);
			path = Controller;
			sourceTree = "<group>";
		};
		90E633985F14444D869A2167 /* AmplifyConfig */ = {
			isa = PBXGroup;
			children = (
				7F86A54FD9D34C5EA41565DC /* amplifytools.xcconfig */,
				0E72391C71A2441998DB276E /* amplifyconfiguration.json */,
				EA98648EF52A41C39931D130 /* awsconfiguration.json */,
			);
			name = AmplifyConfig;
			path = .;
			sourceTree = "<group>";
		};
		BB810435D8354DB783CA1186 /* Resources */ = {
			isa = PBXGroup;
			children = (
			);
			name = Resources;
			path = undefined;
			sourceTree = "<group>";
		};
/* End PBXGroup section */

/* Begin PBXNativeTarget section */
		4D93EA212562A09600323612 /* pang */ = {
			isa = PBXNativeTarget;
			buildConfigurationList = 4D93EA312562A09700323612 /* Build configuration list for PBXNativeTarget "pang" */;
			buildPhases = (
				4D93EA1E2562A09600323612 /* Sources */,
				4D93EA1F2562A09600323612 /* Frameworks */,
				4D93EA202562A09600323612 /* Resources */,
			);
			buildRules = (
			);
			dependencies = (
			);
			name = pang;
			productName = pang;
			productReference = 4D93EA222562A09600323612 /* pang.app */;
			productType = "com.apple.product-type.application";
		};
/* End PBXNativeTarget section */

/* Begin PBXProject section */
		4D93EA1A2562A09600323612 /* Project object */ = {
			isa = PBXProject;
			attributes = {
				LastSwiftUpdateCheck = 1220;
				LastUpgradeCheck = 1220;
				TargetAttributes = {
					4D93EA212562A09600323612 = {
						CreatedOnToolsVersion = 12.2;
					};
				};
			};
			buildConfigurationList = 4D93EA1D2562A09600323612 /* Build configuration list for PBXProject "pang" */;
			compatibilityVersion = "Xcode 9.3";
			developmentRegion = en;
			hasScannedForEncodings = 0;
			knownRegions = (
				en,
				Base,
			);
			mainGroup = 4D93EA192562A09600323612;
			productRefGroup = 4D93EA232562A09600323612 /* Products */;
			projectDirPath = "";
			projectRoot = "";
			targets = (
				4D93EA212562A09600323612 /* pang */,
			);
		};
/* End PBXProject section */

/* Begin PBXResourcesBuildPhase section */
		4D93EA202562A09600323612 /* Resources */ = {
			isa = PBXResourcesBuildPhase;
			buildActionMask = 2147483647;
			files = (
				4D93EA522562B35500323612 /* README.md in Resources */,
				4D93EA2D2562A09700323612 /* Preview Assets.xcassets in Resources */,
				4D93EA2A2562A09700323612 /* Assets.xcassets in Resources */,
				65B340D190BC4F5DB6A5A30E /* amplifyconfiguration.json in Resources */,
				9013A1B4EB624D9CA498AADA /* awsconfiguration.json in Resources */,
			);
			runOnlyForDeploymentPostprocessing = 0;
		};
/* End PBXResourcesBuildPhase section */

/* Begin PBXSourcesBuildPhase section */
		4D93EA1E2562A09600323612 /* Sources */ = {
			isa = PBXSourcesBuildPhase;
			buildActionMask = 2147483647;
			files = (
				4DE6950025638F2A00FBCE31 /* Gradient-extension.swift in Sources */,
				4DB00E15256E2585007B3DC4 /* FullSizeImageView.swift in Sources */,
				4D9A6D342563FCC2008DE863 /* Dark-Neumorphism.swift in Sources */,
				4DE695072563932500FBCE31 /* AuthorImageView.swift in Sources */,
				4D29F9112570AE3200747289 /* MapView.swift in Sources */,
				4DB1A263256B8DC000EC94A8 /* CancelButtonView.swift in Sources */,
				4D93EA4E2562B28200323612 /* UIApplication-extension.swift in Sources */,
				4DA05ABB256F7937004E8859 /* Notification-extension.swift in Sources */,
				4D93EA572562B72400323612 /* CardView.swift in Sources */,
				4DA05AB4256F7090004E8859 /* Pangs.swift in Sources */,
				4DC167FE2564D00500D792DB /* TitleView.swift in Sources */,
				4D270DEA25654EC300D78D19 /* SettingView.swift in Sources */,
				4DCC7363256623490091878A /* View-extension.swift in Sources */,
				4D7C6C9D2566B0E10041524F /* InputTypePickerView.swift in Sources */,
				4DB1A266256B8FE300EC94A8 /* ImageButtonView.swift in Sources */,
				4D82C2F9256A10880048E94A /* CardStyle.swift in Sources */,
				4DC168142564E7E700D792DB /* ImageSaver.swift in Sources */,
				4D29F9142570B1BE00747289 /* MapKit-extension.swift in Sources */,
				4DC168012564D25400D792DB /* LogoView.swift in Sources */,
				4D93EA372562A11D00323612 /* HomeView.swift in Sources */,
				4DA308DE2574C7C90068E629 /* PangZoneView.swift in Sources */,
				4D35520025640B1700A6EF2B /* BackgroundView.swift in Sources */,
				4DB1A260256B881B00EC94A8 /* AddButtonView.swift in Sources */,
				4D93EA282562A09600323612 /* ContentView.swift in Sources */,
				4DC168072564DC9300D792DB /* SystemImageButtonView.swift in Sources */,
				4DCC736025661D0C0091878A /* PangTextFieldView.swift in Sources */,
				4DAB163D257525DD00B83E13 /* Location.swift in Sources */,
				4DA308D72574C3BF0068E629 /* MapButtonView.swift in Sources */,
				4DC1680B2564DF9900D792DB /* PangListView.swift in Sources */,
				4DC168112564E73A00D792DB /* ImagePicker.swift in Sources */,
				4D93EA442562AC1E00323612 /* PangButtonView.swift in Sources */,
				4D29F90E2570AB8300747289 /* String-extension.swift in Sources */,
				4D176D35256A91CE00495876 /* CardModifier.swift in Sources */,
				4D9A6D302563F832008DE863 /* Neumorphism.swift in Sources */,
				4D82C2F42569DA840048E94A /* CardContentView.swift in Sources */,
				4DA05AB8256F780F004E8859 /* Publishers-extension.swift in Sources */,
				4D93EA262562A09600323612 /* pangApp.swift in Sources */,
				4D93EA492562AE3400323612 /* PangInputView.swift in Sources */,
				4D93EA3C2562A1CB00323612 /* Pang.swift in Sources */,
				4DC168042564D29900D792DB /* BrandNameView.swift in Sources */,
				4D3551FC2564035800A6EF2B /* Light-Neumorphism.swift in Sources */,
				4DE694FC256386E600FBCE31 /* Color-extension.swift in Sources */,
				4D7C6C9A2566A70C0041524F /* PangImageInputView.swift in Sources */,
			);
			runOnlyForDeploymentPostprocessing = 0;
		};
/* End PBXSourcesBuildPhase section */

/* Begin XCBuildConfiguration section */
		4D93EA2F2562A09700323612 /* Debug */ = {
			isa = XCBuildConfiguration;
			buildSettings = {
				ALWAYS_SEARCH_USER_PATHS = NO;
				CLANG_ANALYZER_NONNULL = YES;
				CLANG_ANALYZER_NUMBER_OBJECT_CONVERSION = YES_AGGRESSIVE;
				CLANG_CXX_LANGUAGE_STANDARD = "gnu++14";
				CLANG_CXX_LIBRARY = "libc++";
				CLANG_ENABLE_MODULES = YES;
				CLANG_ENABLE_OBJC_ARC = YES;
				CLANG_ENABLE_OBJC_WEAK = YES;
				CLANG_WARN_BLOCK_CAPTURE_AUTORELEASING = YES;
				CLANG_WARN_BOOL_CONVERSION = YES;
				CLANG_WARN_COMMA = YES;
				CLANG_WARN_CONSTANT_CONVERSION = YES;
				CLANG_WARN_DEPRECATED_OBJC_IMPLEMENTATIONS = YES;
				CLANG_WARN_DIRECT_OBJC_ISA_USAGE = YES_ERROR;
				CLANG_WARN_DOCUMENTATION_COMMENTS = YES;
				CLANG_WARN_EMPTY_BODY = YES;
				CLANG_WARN_ENUM_CONVERSION = YES;
				CLANG_WARN_INFINITE_RECURSION = YES;
				CLANG_WARN_INT_CONVERSION = YES;
				CLANG_WARN_NON_LITERAL_NULL_CONVERSION = YES;
				CLANG_WARN_OBJC_IMPLICIT_RETAIN_SELF = YES;
				CLANG_WARN_OBJC_LITERAL_CONVERSION = YES;
				CLANG_WARN_OBJC_ROOT_CLASS = YES_ERROR;
				CLANG_WARN_QUOTED_INCLUDE_IN_FRAMEWORK_HEADER = YES;
				CLANG_WARN_RANGE_LOOP_ANALYSIS = YES;
				CLANG_WARN_STRICT_PROTOTYPES = YES;
				CLANG_WARN_SUSPICIOUS_MOVE = YES;
				CLANG_WARN_UNGUARDED_AVAILABILITY = YES_AGGRESSIVE;
				CLANG_WARN_UNREACHABLE_CODE = YES;
				CLANG_WARN__DUPLICATE_METHOD_MATCH = YES;
				COPY_PHASE_STRIP = NO;
				DEBUG_INFORMATION_FORMAT = dwarf;
				ENABLE_STRICT_OBJC_MSGSEND = YES;
				ENABLE_TESTABILITY = YES;
				GCC_C_LANGUAGE_STANDARD = gnu11;
				GCC_DYNAMIC_NO_PIC = NO;
				GCC_NO_COMMON_BLOCKS = YES;
				GCC_OPTIMIZATION_LEVEL = 0;
				GCC_PREPROCESSOR_DEFINITIONS = (
					"DEBUG=1",
					"$(inherited)",
				);
				GCC_WARN_64_TO_32_BIT_CONVERSION = YES;
				GCC_WARN_ABOUT_RETURN_TYPE = YES_ERROR;
				GCC_WARN_UNDECLARED_SELECTOR = YES;
				GCC_WARN_UNINITIALIZED_AUTOS = YES_AGGRESSIVE;
				GCC_WARN_UNUSED_FUNCTION = YES;
				GCC_WARN_UNUSED_VARIABLE = YES;
				IPHONEOS_DEPLOYMENT_TARGET = 14.2;
				MTL_ENABLE_DEBUG_INFO = INCLUDE_SOURCE;
				MTL_FAST_MATH = YES;
				ONLY_ACTIVE_ARCH = YES;
				SDKROOT = iphoneos;
				SWIFT_ACTIVE_COMPILATION_CONDITIONS = DEBUG;
				SWIFT_OPTIMIZATION_LEVEL = "-Onone";
			};
			name = Debug;
		};
		4D93EA302562A09700323612 /* Release */ = {
			isa = XCBuildConfiguration;
			buildSettings = {
				ALWAYS_SEARCH_USER_PATHS = NO;
				CLANG_ANALYZER_NONNULL = YES;
				CLANG_ANALYZER_NUMBER_OBJECT_CONVERSION = YES_AGGRESSIVE;
				CLANG_CXX_LANGUAGE_STANDARD = "gnu++14";
				CLANG_CXX_LIBRARY = "libc++";
				CLANG_ENABLE_MODULES = YES;
				CLANG_ENABLE_OBJC_ARC = YES;
				CLANG_ENABLE_OBJC_WEAK = YES;
				CLANG_WARN_BLOCK_CAPTURE_AUTORELEASING = YES;
				CLANG_WARN_BOOL_CONVERSION = YES;
				CLANG_WARN_COMMA = YES;
				CLANG_WARN_CONSTANT_CONVERSION = YES;
				CLANG_WARN_DEPRECATED_OBJC_IMPLEMENTATIONS = YES;
				CLANG_WARN_DIRECT_OBJC_ISA_USAGE = YES_ERROR;
				CLANG_WARN_DOCUMENTATION_COMMENTS = YES;
				CLANG_WARN_EMPTY_BODY = YES;
				CLANG_WARN_ENUM_CONVERSION = YES;
				CLANG_WARN_INFINITE_RECURSION = YES;
				CLANG_WARN_INT_CONVERSION = YES;
				CLANG_WARN_NON_LITERAL_NULL_CONVERSION = YES;
				CLANG_WARN_OBJC_IMPLICIT_RETAIN_SELF = YES;
				CLANG_WARN_OBJC_LITERAL_CONVERSION = YES;
				CLANG_WARN_OBJC_ROOT_CLASS = YES_ERROR;
				CLANG_WARN_QUOTED_INCLUDE_IN_FRAMEWORK_HEADER = YES;
				CLANG_WARN_RANGE_LOOP_ANALYSIS = YES;
				CLANG_WARN_STRICT_PROTOTYPES = YES;
				CLANG_WARN_SUSPICIOUS_MOVE = YES;
				CLANG_WARN_UNGUARDED_AVAILABILITY = YES_AGGRESSIVE;
				CLANG_WARN_UNREACHABLE_CODE = YES;
				CLANG_WARN__DUPLICATE_METHOD_MATCH = YES;
				COPY_PHASE_STRIP = NO;
				DEBUG_INFORMATION_FORMAT = "dwarf-with-dsym";
				ENABLE_NS_ASSERTIONS = NO;
				ENABLE_STRICT_OBJC_MSGSEND = YES;
				GCC_C_LANGUAGE_STANDARD = gnu11;
				GCC_NO_COMMON_BLOCKS = YES;
				GCC_WARN_64_TO_32_BIT_CONVERSION = YES;
				GCC_WARN_ABOUT_RETURN_TYPE = YES_ERROR;
				GCC_WARN_UNDECLARED_SELECTOR = YES;
				GCC_WARN_UNINITIALIZED_AUTOS = YES_AGGRESSIVE;
				GCC_WARN_UNUSED_FUNCTION = YES;
				GCC_WARN_UNUSED_VARIABLE = YES;
				IPHONEOS_DEPLOYMENT_TARGET = 14.2;
				MTL_ENABLE_DEBUG_INFO = NO;
				MTL_FAST_MATH = YES;
				SDKROOT = iphoneos;
				SWIFT_COMPILATION_MODE = wholemodule;
				SWIFT_OPTIMIZATION_LEVEL = "-O";
				VALIDATE_PRODUCT = YES;
			};
			name = Release;
		};
		4D93EA322562A09700323612 /* Debug */ = {
			isa = XCBuildConfiguration;
			buildSettings = {
				ASSETCATALOG_COMPILER_APPICON_NAME = AppIcon;
				ASSETCATALOG_COMPILER_GLOBAL_ACCENT_COLOR_NAME = AccentColor;
				CODE_SIGN_STYLE = Automatic;
				DEVELOPMENT_ASSET_PATHS = "\"pang/Preview Content\"";
				DEVELOPMENT_TEAM = 7J7R843574;
				ENABLE_PREVIEWS = YES;
				INFOPLIST_FILE = pang/Info.plist;
				IPHONEOS_DEPLOYMENT_TARGET = 14.0;
				LD_RUNPATH_SEARCH_PATHS = (
					"$(inherited)",
					"@executable_path/Frameworks",
				);
				PRODUCT_BUNDLE_IDENTIFIER = Dobuzi.pang;
				PRODUCT_NAME = "$(TARGET_NAME)";
				SWIFT_VERSION = 5.0;
				TARGETED_DEVICE_FAMILY = 1;
			};
			name = Debug;
		};
		4D93EA332562A09700323612 /* Release */ = {
			isa = XCBuildConfiguration;
			buildSettings = {
				ASSETCATALOG_COMPILER_APPICON_NAME = AppIcon;
				ASSETCATALOG_COMPILER_GLOBAL_ACCENT_COLOR_NAME = AccentColor;
				CODE_SIGN_STYLE = Automatic;
				DEVELOPMENT_ASSET_PATHS = "\"pang/Preview Content\"";
				DEVELOPMENT_TEAM = 7J7R843574;
				ENABLE_PREVIEWS = YES;
				INFOPLIST_FILE = pang/Info.plist;
				IPHONEOS_DEPLOYMENT_TARGET = 14.0;
				LD_RUNPATH_SEARCH_PATHS = (
					"$(inherited)",
					"@executable_path/Frameworks",
				);
				PRODUCT_BUNDLE_IDENTIFIER = Dobuzi.pang;
				PRODUCT_NAME = "$(TARGET_NAME)";
				SWIFT_VERSION = 5.0;
				TARGETED_DEVICE_FAMILY = 1;
			};
			name = Release;
		};
/* End XCBuildConfiguration section */

/* Begin XCConfigurationList section */
		4D93EA1D2562A09600323612 /* Build configuration list for PBXProject "pang" */ = {
			isa = XCConfigurationList;
			buildConfigurations = (
				4D93EA2F2562A09700323612 /* Debug */,
				4D93EA302562A09700323612 /* Release */,
			);
			defaultConfigurationIsVisible = 0;
			defaultConfigurationName = Release;
		};
		4D93EA312562A09700323612 /* Build configuration list for PBXNativeTarget "pang" */ = {
			isa = XCConfigurationList;
			buildConfigurations = (
				4D93EA322562A09700323612 /* Debug */,
				4D93EA332562A09700323612 /* Release */,
			);
			defaultConfigurationIsVisible = 0;
			defaultConfigurationName = Release;
		};
/* End XCConfigurationList section */
	};
	rootObject = 4D93EA1A2562A09600323612 /* Project object */;
}
